
Microsoft Visual Studio Solution File, Format Version 11.00
# Visual Studio 2010
Project("{FAE04EC0-301F-11D3-BF4B-00C04F79EFBC}") = "MP1 - Copy", "Assembly-CSharp.csproj", "{4B8ECE44-6091-E1A5-F790-90CEFBCC79E9}"
EndProject
Project("{FAE04EC0-301F-11D3-BF4B-00C04F79EFBC}") = "MP1 - Copy", "Assembly-CSharp-Editor.csproj", "{706EEB63-45BA-8A54-25CC-4FED196E0C88}"
EndProject
Global
	GlobalSection(SolutionConfigurationPlatforms) = preSolution
		Debug|Any CPU = Debug|Any CPU
		Release|Any CPU = Release|Any CPU
	EndGlobalSection
	GlobalSection(ProjectConfigurationPlatforms) = postSolution
		{4B8ECE44-6091-E1A5-F790-90CEFBCC79E9}.Debug|Any CPU.ActiveCfg = Debug|Any CPU
		{4B8ECE44-6091-E1A5-F790-90CEFBCC79E9}.Debug|Any CPU.Build.0 = Debug|Any CPU
		{4B8ECE44-6091-E1A5-F790-90CEFBCC79E9}.Release|Any CPU.ActiveCfg = Release|Any CPU
		{4B8ECE44-6091-E1A5-F790-90CEFBCC79E9}.Release|Any CPU.Build.0 = Release|Any CPU
		{706EEB63-45BA-8A54-25CC-4FED196E0C88}.Debug|Any CPU.ActiveCfg = Debug|Any CPU
		{706EEB63-45BA-8A54-25CC-4FED196E0C88}.Debug|Any CPU.Build.0 = Debug|Any CPU
		{706EEB63-45BA-8A54-25CC-4FED196E0C88}.Release|Any CPU.ActiveCfg = Release|Any CPU
		{706EEB63-45BA-8A54-25CC-4FED196E0C88}.Release|Any CPU.Build.0 = Release|Any CPU
	EndGlobalSection
	GlobalSection(SolutionProperties) = preSolution
		HideSolutionNode = FALSE
	EndGlobalSection
	GlobalSection(MonoDevelopProperties) = preSolution
		StartupItem = Assembly-CSharp.csproj
	EndGlobalSection
EndGlobal
